PODS:
  - Flutter (1.0.0)
  - flutter_jailbreak_detection (1.0.0):
    - Flutter
    - IOSSecuritySuite
  - IOSSecuritySuite (1.9.11)
  - restart_app (0.0.1):
    - Flutter

DEPENDENCIES:
  - Flutter (from `Flutter`)
  - flutter_jailbreak_detection (from `.symlinks/plugins/flutter_jailbreak_detection/ios`)
  - restart_app (from `.symlinks/plugins/restart_app/ios`)

SPEC REPOS:
  trunk:
    - IOSSecuritySuite

EXTERNAL SOURCES:
  Flutter:
    :path: Flutter
  flutter_jailbreak_detection:
    :path: ".symlinks/plugins/flutter_jailbreak_detection/ios"
  restart_app:
    :path: ".symlinks/plugins/restart_app/ios"

SPEC CHECKSUMS:
  Flutter: e0871f40cf51350855a761d2e70bf5af5b9b5de7
  flutter_jailbreak_detection: c5bf66ff6c0c4230769b6ba0bd63eb6ac4148a76
  IOSSecuritySuite: b51056d5411aee567153ca86ce7f6edfdc5d2654
  restart_app: 806659942bf932f6ce51c5372f91ce5e81c8c14a

PODFILE CHECKSUM: 819463e6a0290f5a72f145ba7cde16e8b6ef0796

COCOAPODS: 1.12.1
